{
  "name": "mywallet",
  "version": "1.0.0",
  "lockfileVersion": 3,
  "requires": true,
  "packages": {
    "": {
      "name": "mywallet",
      "version": "1.0.0",
      "license": "ISC",
      "workspaces": [
        "packages/server",
        "packages/client"
      ]
    },
    "node_modules/client": {
      "resolved": "packages/client",
      "link": true
    },
    "node_modules/server": {
      "resolved": "packages/server",
      "link": true
    },
    "packages/client": {
      "version": "1.0.0",
      "license": "ISC"
    },
    "packages/server": {
      "version": "1.0.0",
      "license": "ISC"
    }
  }
}
