{
  "name": "mywallet",
  "version": "1.0.0",
  "lockfileVersion": 3,
  "requires": true,
  "packages": {
    "": {
      "name": "mywallet",
      "version": "1.0.0",
      "license": "ISC",
      "workspaces": [
        "packages/server",
        "packages/client"
      ],
      "dependencies": {
        "dotenv": "^16.4.5"
      }
    },
    "node_modules/client": {
      "resolved": "packages/client",
      "link": true
    },
    "node_modules/dotenv": {
      "version": "16.4.5",
      "resolved": "https://registry.npmjs.org/dotenv/-/dotenv-16.4.5.tgz",
      "integrity": "sha512-ZmdL2rui+eB2YwhsWzjInR8LldtZHGDoQ1ugH85ppHKwpUHL7j7rN0Ti9NCnGiQbhaZ11FpR+7ao1dNsmduNUg==",
      "engines": {
        "node": ">=12"
      },
      "funding": {
        "url": "https://dotenvx.com"
      }
    },
    "node_modules/server": {
      "resolved": "packages/server",
      "link": true
    },
    "packages/client": {
      "version": "1.0.0",
      "license": "ISC"
    },
    "packages/server": {
      "version": "1.0.0",
      "license": "ISC"
    }
  }
}
